// !$*UTF8*$!
{
	archiveVersion = 1;
	classes = {
	};
	objectVersion = 50;
	objects = {

/* Begin PBXBuildFile section */
		3C753E19FBDC66D8E68196CE /* Pods_RxTestUITests.framework in Frameworks */ = {isa = PBXBuildFile; fileRef = 734CF76BC939280D6B38A270 /* Pods_RxTestUITests.framework */; };
		4DEF6C44B5256A74D57F0B6A /* Pods_RxTest.framework in Frameworks */ = {isa = PBXBuildFile; fileRef = BC6178A1239CEB64CC205E8D /* Pods_RxTest.framework */; };
		BFF22CF17B560D01E451595B /* Pods_RxTestTests.framework in Frameworks */ = {isa = PBXBuildFile; fileRef = 34F8C762B3EFEDBDB1CAE586 /* Pods_RxTestTests.framework */; };
		E4A3C90D231A029700A1E8C1 /* AppDelegate.swift in Sources */ = {isa = PBXBuildFile; fileRef = E4A3C90C231A029700A1E8C1 /* AppDelegate.swift */; };
		E4A3C90F231A029700A1E8C1 /* ViewController.swift in Sources */ = {isa = PBXBuildFile; fileRef = E4A3C90E231A029700A1E8C1 /* ViewController.swift */; };
		E4A3C912231A029700A1E8C1 /* Main.storyboard in Resources */ = {isa = PBXBuildFile; fileRef = E4A3C910231A029700A1E8C1 /* Main.storyboard */; };
		E4A3C914231A029900A1E8C1 /* Assets.xcassets in Resources */ = {isa = PBXBuildFile; fileRef = E4A3C913231A029900A1E8C1 /* Assets.xcassets */; };
		E4A3C917231A029900A1E8C1 /* LaunchScreen.storyboard in Resources */ = {isa = PBXBuildFile; fileRef = E4A3C915231A029900A1E8C1 /* LaunchScreen.storyboard */; };
		E4A3C922231A029A00A1E8C1 /* RxTestTests.swift in Sources */ = {isa = PBXBuildFile; fileRef = E4A3C921231A029A00A1E8C1 /* RxTestTests.swift */; };
		E4A3C92D231A029A00A1E8C1 /* RxTestUITests.swift in Sources */ = {isa = PBXBuildFile; fileRef = E4A3C92C231A029A00A1E8C1 /* RxTestUITests.swift */; };
/* End PBXBuildFile section */

/* Begin PBXContainerItemProxy section */
		E4A3C91E231A029A00A1E8C1 /* PBXContainerItemProxy */ = {
			isa = PBXContainerItemProxy;
			containerPortal = E4A3C901231A029700A1E8C1 /* Project object */;
			proxyType = 1;
			remoteGlobalIDString = E4A3C908231A029700A1E8C1;
			remoteInfo = RxTest;
		};
		E4A3C929231A029A00A1E8C1 /* PBXContainerItemProxy */ = {
			isa = PBXContainerItemProxy;
			containerPortal = E4A3C901231A029700A1E8C1 /* Project object */;
			proxyType = 1;
			remoteGlobalIDString = E4A3C908231A029700A1E8C1;
			remoteInfo = RxTest;
		};
/* End PBXContainerItemProxy section */

/* Begin PBXFileReference section */
		0E829EEEF2719A586EF55C95 /* Pods-RxTestTests.release.xcconfig */ = {isa = PBXFileReference; includeInIndex = 1; lastKnownFileType = text.xcconfig; name = "Pods-RxTestTests.release.xcconfig"; path = "Pods/Target Support Files/Pods-RxTestTests/Pods-RxTestTests.release.xcconfig"; sourceTree = "<group>"; };
		34F8C762B3EFEDBDB1CAE586 /* Pods_RxTestTests.framework */ = {isa = PBXFileReference; explicitFileType = wrapper.framework; includeInIndex = 0; path = Pods_RxTestTests.framework; sourceTree = BUILT_PRODUCTS_DIR; };
		734CF76BC939280D6B38A270 /* Pods_RxTestUITests.framework */ = {isa = PBXFileReference; explicitFileType = wrapper.framework; includeInIndex = 0; path = Pods_RxTestUITests.framework; sourceTree = BUILT_PRODUCTS_DIR; };
		9E0BF9CA5E36436242C10C23 /* Pods-RxTestUITests.debug.xcconfig */ = {isa = PBXFileReference; includeInIndex = 1; lastKnownFileType = text.xcconfig; name = "Pods-RxTestUITests.debug.xcconfig"; path = "Pods/Target Support Files/Pods-RxTestUITests/Pods-RxTestUITests.debug.xcconfig"; sourceTree = "<group>"; };
		B476864A2B7855874885D2A4 /* Pods-RxTestTests.debug.xcconfig */ = {isa = PBXFileReference; includeInIndex = 1; lastKnownFileType = text.xcconfig; name = "Pods-RxTestTests.debug.xcconfig"; path = "Pods/Target Support Files/Pods-RxTestTests/Pods-RxTestTests.debug.xcconfig"; sourceTree = "<group>"; };
		BC6178A1239CEB64CC205E8D /* Pods_RxTest.framework */ = {isa = PBXFileReference; explicitFileType = wrapper.framework; includeInIndex = 0; path = Pods_RxTest.framework; sourceTree = BUILT_PRODUCTS_DIR; };
		CE0AE10B42158E68393F9038 /* Pods-RxTestUITests.release.xcconfig */ = {isa = PBXFileReference; includeInIndex = 1; lastKnownFileType = text.xcconfig; name = "Pods-RxTestUITests.release.xcconfig"; path = "Pods/Target Support Files/Pods-RxTestUITests/Pods-RxTestUITests.release.xcconfig"; sourceTree = "<group>"; };
		CEEB60A4D0A83EAD7F4CB08E /* Pods-RxTest.release.xcconfig */ = {isa = PBXFileReference; includeInIndex = 1; lastKnownFileType = text.xcconfig; name = "Pods-RxTest.release.xcconfig"; path = "Pods/Target Support Files/Pods-RxTest/Pods-RxTest.release.xcconfig"; sourceTree = "<group>"; };
		E4A3C909231A029700A1E8C1 /* RxTest.app */ = {isa = PBXFileReference; explicitFileType = wrapper.application; includeInIndex = 0; path = RxTest.app; sourceTree = BUILT_PRODUCTS_DIR; };
		E4A3C90C231A029700A1E8C1 /* AppDelegate.swift */ = {isa = PBXFileReference; lastKnownFileType = sourcecode.swift; path = AppDelegate.swift; sourceTree = "<group>"; };
		E4A3C90E231A029700A1E8C1 /* ViewController.swift */ = {isa = PBXFileReference; lastKnownFileType = sourcecode.swift; path = ViewController.swift; sourceTree = "<group>"; };
		E4A3C911231A029700A1E8C1 /* Base */ = {isa = PBXFileReference; lastKnownFileType = file.storyboard; name = Base; path = Base.lproj/Main.storyboard; sourceTree = "<group>"; };
		E4A3C913231A029900A1E8C1 /* Assets.xcassets */ = {isa = PBXFileReference; lastKnownFileType = folder.assetcatalog; path = Assets.xcassets; sourceTree = "<group>"; };
		E4A3C916231A029900A1E8C1 /* Base */ = {isa = PBXFileReference; lastKnownFileType = file.storyboard; name = Base; path = Base.lproj/LaunchScreen.storyboard; sourceTree = "<group>"; };
		E4A3C918231A029900A1E8C1 /* Info.plist */ = {isa = PBXFileReference; lastKnownFileType = text.plist.xml; path = Info.plist; sourceTree = "<group>"; };
		E4A3C91D231A029A00A1E8C1 /* RxTestTests.xctest */ = {isa = PBXFileReference; explicitFileType = wrapper.cfbundle; includeInIndex = 0; path = RxTestTests.xctest; sourceTree = BUILT_PRODUCTS_DIR; };
		E4A3C921231A029A00A1E8C1 /* RxTestTests.swift */ = {isa = PBXFileReference; lastKnownFileType = sourcecode.swift; path = RxTestTests.swift; sourceTree = "<group>"; };
		E4A3C923231A029A00A1E8C1 /* Info.plist */ = {isa = PBXFileReference; lastKnownFileType = text.plist.xml; path = Info.plist; sourceTree = "<group>"; };
		E4A3C928231A029A00A1E8C1 /* RxTestUITests.xctest */ = {isa = PBXFileReference; explicitFileType = wrapper.cfbundle; includeInIndex = 0; path = RxTestUITests.xctest; sourceTree = BUILT_PRODUCTS_DIR; };
		E4A3C92C231A029A00A1E8C1 /* RxTestUITests.swift */ = {isa = PBXFileReference; lastKnownFileType = sourcecode.swift; path = RxTestUITests.swift; sourceTree = "<group>"; };
		E4A3C92E231A029A00A1E8C1 /* Info.plist */ = {isa = PBXFileReference; lastKnownFileType = text.plist.xml; path = Info.plist; sourceTree = "<group>"; };
		E5474FF9E70F271CE6945FB6 /* Pods-RxTest.debug.xcconfig */ = {isa = PBXFileReference; includeInIndex = 1; lastKnownFileType = text.xcconfig; name = "Pods-RxTest.debug.xcconfig"; path = "Pods/Target Support Files/Pods-RxTest/Pods-RxTest.debug.xcconfig"; sourceTree = "<group>"; };
/* End PBXFileReference section */

/* Begin PBXFrameworksBuildPhase section */
		E4A3C906231A029700A1E8C1 /* Frameworks */ = {
			isa = PBXFrameworksBuildPhase;
			buildActionMask = 2147483647;
			files = (
				4DEF6C44B5256A74D57F0B6A /* Pods_RxTest.framework in Frameworks */,
			);
			runOnlyForDeploymentPostprocessing = 0;
		};
		E4A3C91A231A029A00A1E8C1 /* Frameworks */ = {
			isa = PBXFrameworksBuildPhase;
			buildActionMask = 2147483647;
			files = (
				BFF22CF17B560D01E451595B /* Pods_RxTestTests.framework in Frameworks */,
			);
			runOnlyForDeploymentPostprocessing = 0;
		};
		E4A3C925231A029A00A1E8C1 /* Frameworks */ = {
			isa = PBXFrameworksBuildPhase;
			buildActionMask = 2147483647;
			files = (
				3C753E19FBDC66D8E68196CE /* Pods_RxTestUITests.framework in Frameworks */,
			);
			runOnlyForDeploymentPostprocessing = 0;
		};
/* End PBXFrameworksBuildPhase section */

/* Begin PBXGroup section */
		CC26B43EB706918E43BB9D83 /* Frameworks */ = {
			isa = PBXGroup;
			children = (
				BC6178A1239CEB64CC205E8D /* Pods_RxTest.framework */,
				34F8C762B3EFEDBDB1CAE586 /* Pods_RxTestTests.framework */,
				734CF76BC939280D6B38A270 /* Pods_RxTestUITests.framework */,
			);
			name = Frameworks;
			sourceTree = "<group>";
		};
		D88ADC933A5EABA473CD9CCC /* Pods */ = {
			isa = PBXGroup;
			children = (
				E5474FF9E70F271CE6945FB6 /* Pods-RxTest.debug.xcconfig */,
				CEEB60A4D0A83EAD7F4CB08E /* Pods-RxTest.release.xcconfig */,
				B476864A2B7855874885D2A4 /* Pods-RxTestTests.debug.xcconfig */,
				0E829EEEF2719A586EF55C95 /* Pods-RxTestTests.release.xcconfig */,
				9E0BF9CA5E36436242C10C23 /* Pods-RxTestUITests.debug.xcconfig */,
				CE0AE10B42158E68393F9038 /* Pods-RxTestUITests.release.xcconfig */,
			);
			name = Pods;
			sourceTree = "<group>";
		};
		E4A3C900231A029700A1E8C1 = {
			isa = PBXGroup;
			children = (
				E4A3C90B231A029700A1E8C1 /* RxTest */,
				E4A3C920231A029A00A1E8C1 /* RxTestTests */,
				E4A3C92B231A029A00A1E8C1 /* RxTestUITests */,
				E4A3C90A231A029700A1E8C1 /* Products */,
				D88ADC933A5EABA473CD9CCC /* Pods */,
				CC26B43EB706918E43BB9D83 /* Frameworks */,
			);
			sourceTree = "<group>";
		};
		E4A3C90A231A029700A1E8C1 /* Products */ = {
			isa = PBXGroup;
			children = (
				E4A3C909231A029700A1E8C1 /* RxTest.app */,
				E4A3C91D231A029A00A1E8C1 /* RxTestTests.xctest */,
				E4A3C928231A029A00A1E8C1 /* RxTestUITests.xctest */,
			);
			name = Products;
			sourceTree = "<group>";
		};
		E4A3C90B231A029700A1E8C1 /* RxTest */ = {
			isa = PBXGroup;
			children = (
				E4A3C90C231A029700A1E8C1 /* AppDelegate.swift */,
				E4A3C90E231A029700A1E8C1 /* ViewController.swift */,
				E4A3C910231A029700A1E8C1 /* Main.storyboard */,
				E4A3C913231A029900A1E8C1 /* Assets.xcassets */,
				E4A3C915231A029900A1E8C1 /* LaunchScreen.storyboard */,
				E4A3C918231A029900A1E8C1 /* Info.plist */,
			);
			path = RxTest;
			sourceTree = "<group>";
		};
		E4A3C920231A029A00A1E8C1 /* RxTestTests */ = {
			isa = PBXGroup;
			children = (
				E4A3C921231A029A00A1E8C1 /* RxTestTests.swift */,
				E4A3C923231A029A00A1E8C1 /* Info.plist */,
			);
			path = RxTestTests;
			sourceTree = "<group>";
		};
		E4A3C92B231A029A00A1E8C1 /* RxTestUITests */ = {
			isa = PBXGroup;
			children = (
				E4A3C92C231A029A00A1E8C1 /* RxTestUITests.swift */,
				E4A3C92E231A029A00A1E8C1 /* Info.plist */,
			);
			path = RxTestUITests;
			sourceTree = "<group>";
		};
/* End PBXGroup section */

/* Begin PBXNativeTarget section */
		E4A3C908231A029700A1E8C1 /* RxTest */ = {
			isa = PBXNativeTarget;
			buildConfigurationList = E4A3C931231A029A00A1E8C1 /* Build configuration list for PBXNativeTarget "RxTest" */;
			buildPhases = (
				01773ED1122E18910B40EED4 /* [CP] Check Pods Manifest.lock */,
				E4A3C905231A029700A1E8C1 /* Sources */,
				E4A3C906231A029700A1E8C1 /* Frameworks */,
				E4A3C907231A029700A1E8C1 /* Resources */,
				1CC1A966EB17A6EE33D177F4 /* [CP] Embed Pods Frameworks */,
			);
			buildRules = (
			);
			dependencies = (
			);
			name = RxTest;
			productName = RxTest;
			productReference = E4A3C909231A029700A1E8C1 /* RxTest.app */;
			productType = "com.apple.product-type.application";
		};
		E4A3C91C231A029A00A1E8C1 /* RxTestTests */ = {
			isa = PBXNativeTarget;
			buildConfigurationList = E4A3C934231A029A00A1E8C1 /* Build configuration list for PBXNativeTarget "RxTestTests" */;
			buildPhases = (
				3657BBA7EFAD3CE241A42F27 /* [CP] Check Pods Manifest.lock */,
				E4A3C919231A029A00A1E8C1 /* Sources */,
				E4A3C91A231A029A00A1E8C1 /* Frameworks */,
				E4A3C91B231A029A00A1E8C1 /* Resources */,
			);
			buildRules = (
			);
			dependencies = (
				E4A3C91F231A029A00A1E8C1 /* PBXTargetDependency */,
			);
			name = RxTestTests;
			productName = RxTestTests;
			productReference = E4A3C91D231A029A00A1E8C1 /* RxTestTests.xctest */;
			productType = "com.apple.product-type.bundle.unit-test";
		};
		E4A3C927231A029A00A1E8C1 /* RxTestUITests */ = {
			isa = PBXNativeTarget;
			buildConfigurationList = E4A3C937231A029A00A1E8C1 /* Build configuration list for PBXNativeTarget "RxTestUITests" */;
			buildPhases = (
				B0ABB18DA5C041BC26BF9F26 /* [CP] Check Pods Manifest.lock */,
				E4A3C924231A029A00A1E8C1 /* Sources */,
				E4A3C925231A029A00A1E8C1 /* Frameworks */,
				E4A3C926231A029A00A1E8C1 /* Resources */,
			);
			buildRules = (
			);
			dependencies = (
				E4A3C92A231A029A00A1E8C1 /* PBXTargetDependency */,
			);
			name = RxTestUITests;
			productName = RxTestUITests;
			productReference = E4A3C928231A029A00A1E8C1 /* RxTestUITests.xctest */;
			productType = "com.apple.product-type.bundle.ui-testing";
		};
/* End PBXNativeTarget section */

/* Begin PBXProject section */
		E4A3C901231A029700A1E8C1 /* Project object */ = {
			isa = PBXProject;
			attributes = {
				LastSwiftUpdateCheck = 1020;
				LastUpgradeCheck = 1020;
				ORGANIZATIONNAME = dowel;
				TargetAttributes = {
					E4A3C908231A029700A1E8C1 = {
						CreatedOnToolsVersion = 10.2;
					};
					E4A3C91C231A029A00A1E8C1 = {
						CreatedOnToolsVersion = 10.2;
						TestTargetID = E4A3C908231A029700A1E8C1;
					};
					E4A3C927231A029A00A1E8C1 = {
						CreatedOnToolsVersion = 10.2;
						TestTargetID = E4A3C908231A029700A1E8C1;
					};
				};
			};
			buildConfigurationList = E4A3C904231A029700A1E8C1 /* Build configuration list for PBXProject "RxTest" */;
			compatibilityVersion = "Xcode 9.3";
			developmentRegion = en;
			hasScannedForEncodings = 0;
			knownRegions = (
				en,
				Base,
			);
			mainGroup = E4A3C900231A029700A1E8C1;
			productRefGroup = E4A3C90A231A029700A1E8C1 /* Products */;
			projectDirPath = "";
			projectRoot = "";
			targets = (
				E4A3C908231A029700A1E8C1 /* RxTest */,
				E4A3C91C231A029A00A1E8C1 /* RxTestTests */,
				E4A3C927231A029A00A1E8C1 /* RxTestUITests */,
			);
		};
/* End PBXProject section */

/* Begin PBXResourcesBuildPhase section */
		E4A3C907231A029700A1E8C1 /* Resources */ = {
			isa = PBXResourcesBuildPhase;
			buildActionMask = 2147483647;
			files = (
				E4A3C917231A029900A1E8C1 /* LaunchScreen.storyboard in Resources */,
				E4A3C914231A029900A1E8C1 /* Assets.xcassets in Resources */,
				E4A3C912231A029700A1E8C1 /* Main.storyboard in Resources */,
			);
			runOnlyForDeploymentPostprocessing = 0;
		};
		E4A3C91B231A029A00A1E8C1 /* Resources */ = {
			isa = PBXResourcesBuildPhase;
			buildActionMask = 2147483647;
			files = (
			);
			runOnlyForDeploymentPostprocessing = 0;
		};
		E4A3C926231A029A00A1E8C1 /* Resources */ = {
			isa = PBXResourcesBuildPhase;
			buildActionMask = 2147483647;
			files = (
			);
			runOnlyForDeploymentPostprocessing = 0;
		};
/* End PBXResourcesBuildPhase section */

/* Begin PBXShellScriptBuildPhase section */
		01773ED1122E18910B40EED4 /* [CP] Check Pods Manifest.lock */ = {
			isa = PBXShellScriptBuildPhase;
			buildActionMask = 2147483647;
			files = (
			);
			inputPaths = (
				"${PODS_PODFILE_DIR_PATH}/Podfile.lock",
				"${PODS_ROOT}/Manifest.lock",
			);
			name = "[CP] Check Pods Manifest.lock";
			outputPaths = (
				"$(DERIVED_FILE_DIR)/Pods-RxTest-checkManifestLockResult.txt",
			);
			runOnlyForDeploymentPostprocessing = 0;
			shellPath = /bin/sh;
			shellScript = "diff \"${PODS_PODFILE_DIR_PATH}/Podfile.lock\" \"${PODS_ROOT}/Manifest.lock\" > /dev/null\nif [ $? != 0 ] ; then\n    # print error to STDERR\n    echo \"error: The sandbox is not in sync with the Podfile.lock. Run 'pod install' or update your CocoaPods installation.\" >&2\n    exit 1\nfi\n# This output is used by Xcode 'outputs' to avoid re-running this script phase.\necho \"SUCCESS\" > \"${SCRIPT_OUTPUT_FILE_0}\"\n";
			showEnvVarsInLog = 0;
		};
		1CC1A966EB17A6EE33D177F4 /* [CP] Embed Pods Frameworks */ = {
			isa = PBXShellScriptBuildPhase;
			buildActionMask = 2147483647;
			files = (
			);
			inputPaths = (
				"${SRCROOT}/Pods/Target Support Files/Pods-RxTest/Pods-RxTest-frameworks.sh",
				"${BUILT_PRODUCTS_DIR}/Alamofire/Alamofire.framework",
				"${BUILT_PRODUCTS_DIR}/RxCocoa/RxCocoa.framework",
				"${BUILT_PRODUCTS_DIR}/RxRelay/RxRelay.framework",
				"${BUILT_PRODUCTS_DIR}/RxSwift/RxSwift.framework",
				"${BUILT_PRODUCTS_DIR}/SVProgressHUD/SVProgressHUD.framework",
				"${BUILT_PRODUCTS_DIR}/SwiftyJSON/SwiftyJSON.framework",
			);
			name = "[CP] Embed Pods Frameworks";
			outputPaths = (
				"${TARGET_BUILD_DIR}/${FRAMEWORKS_FOLDER_PATH}/Alamofire.framework",
				"${TARGET_BUILD_DIR}/${FRAMEWORKS_FOLDER_PATH}/RxCocoa.framework",
				"${TARGET_BUILD_DIR}/${FRAMEWORKS_FOLDER_PATH}/RxRelay.framework",
				"${TARGET_BUILD_DIR}/${FRAMEWORKS_FOLDER_PATH}/RxSwift.framework",
				"${TARGET_BUILD_DIR}/${FRAMEWORKS_FOLDER_PATH}/SVProgressHUD.framework",
				"${TARGET_BUILD_DIR}/${FRAMEWORKS_FOLDER_PATH}/SwiftyJSON.framework",
			);
			runOnlyForDeploymentPostprocessing = 0;
			shellPath = /bin/sh;
			shellScript = "\"${SRCROOT}/Pods/Target Support Files/Pods-RxTest/Pods-RxTest-frameworks.sh\"\n";
			showEnvVarsInLog = 0;
		};
		3657BBA7EFAD3CE241A42F27 /* [CP] Check Pods Manifest.lock */ = {
			isa = PBXShellScriptBuildPhase;
			buildActionMask = 2147483647;
			files = (
			);
			inputPaths = (
				"${PODS_PODFILE_DIR_PATH}/Podfile.lock",
				"${PODS_ROOT}/Manifest.lock",
			);
			name = "[CP] Check Pods Manifest.lock";
			outputPaths = (
				"$(DERIVED_FILE_DIR)/Pods-RxTestTests-checkManifestLockResult.txt",
			);
			runOnlyForDeploymentPostprocessing = 0;
			shellPath = /bin/sh;
			shellScript = "diff \"${PODS_PODFILE_DIR_PATH}/Podfile.lock\" \"${PODS_ROOT}/Manifest.lock\" > /dev/null\nif [ $? != 0 ] ; then\n    # print error to STDERR\n    echo \"error: The sandbox is not in sync with the Podfile.lock. Run 'pod install' or update your CocoaPods installation.\" >&2\n    exit 1\nfi\n# This output is used by Xcode 'outputs' to avoid re-running this script phase.\necho \"SUCCESS\" > \"${SCRIPT_OUTPUT_FILE_0}\"\n";
			showEnvVarsInLog = 0;
		};
		B0ABB18DA5C041BC26BF9F26 /* [CP] Check Pods Manifest.lock */ = {
			isa = PBXShellScriptBuildPhase;
			buildActionMask = 2147483647;
			files = (
			);
			inputPaths = (
				"${PODS_PODFILE_DIR_PATH}/Podfile.lock",
				"${PODS_ROOT}/Manifest.lock",
			);
			name = "[CP] Check Pods Manifest.lock";
			outputPaths = (
				"$(DERIVED_FILE_DIR)/Pods-RxTestUITests-checkManifestLockResult.txt",
			);
			runOnlyForDeploymentPostprocessing = 0;
			shellPath = /bin/sh;
			shellScript = "diff \"${PODS_PODFILE_DIR_PATH}/Podfile.lock\" \"${PODS_ROOT}/Manifest.lock\" > /dev/null\nif [ $? != 0 ] ; then\n    # print error to STDERR\n    echo \"error: The sandbox is not in sync with the Podfile.lock. Run 'pod install' or update your CocoaPods installation.\" >&2\n    exit 1\nfi\n# This output is used by Xcode 'outputs' to avoid re-running this script phase.\necho \"SUCCESS\" > \"${SCRIPT_OUTPUT_FILE_0}\"\n";
			showEnvVarsInLog = 0;
		};
/* End PBXShellScriptBuildPhase section */

/* Begin PBXSourcesBuildPhase section */
		E4A3C905231A029700A1E8C1 /* Sources */ = {
			isa = PBXSourcesBuildPhase;
			buildActionMask = 2147483647;
			files = (
				E4A3C90F231A029700A1E8C1 /* ViewController.swift in Sources */,
				E4A3C90D231A029700A1E8C1 /* AppDelegate.swift in Sources */,
			);
			runOnlyForDeploymentPostprocessing = 0;
		};
		E4A3C919231A029A00A1E8C1 /* Sources */ = {
			isa = PBXSourcesBuildPhase;
			buildActionMask = 2147483647;
			files = (
				E4A3C922231A029A00A1E8C1 /* RxTestTests.swift in Sources */,
			);
			runOnlyForDeploymentPostprocessing = 0;
		};
		E4A3C924231A029A00A1E8C1 /* Sources */ = {
			isa = PBXSourcesBuildPhase;
			buildActionMask = 2147483647;
			files = (
				E4A3C92D231A029A00A1E8C1 /* RxTestUITests.swift in Sources */,
			);
			runOnlyForDeploymentPostprocessing = 0;
		};
/* End PBXSourcesBuildPhase section */

/* Begin PBXTargetDependency section */
		E4A3C91F231A029A00A1E8C1 /* PBXTargetDependency */ = {
			isa = PBXTargetDependency;
			target = E4A3C908231A029700A1E8C1 /* RxTest */;
			targetProxy = E4A3C91E231A029A00A1E8C1 /* PBXContainerItemProxy */;
		};
		E4A3C92A231A029A00A1E8C1 /* PBXTargetDependency */ = {
			isa = PBXTargetDependency;
			target = E4A3C908231A029700A1E8C1 /* RxTest */;
			targetProxy = E4A3C929231A029A00A1E8C1 /* PBXContainerItemProxy */;
		};
/* End PBXTargetDependency section */

/* Begin PBXVariantGroup section */
		E4A3C910231A029700A1E8C1 /* Main.storyboard */ = {
			isa = PBXVariantGroup;
			children = (
				E4A3C911231A029700A1E8C1 /* Base */,
			);
			name = Main.storyboard;
			sourceTree = "<group>";
		};
		E4A3C915231A029900A1E8C1 /* LaunchScreen.storyboard */ = {
			isa = PBXVariantGroup;
			children = (
				E4A3C916231A029900A1E8C1 /* Base */,
			);
			name = LaunchScreen.storyboard;
			sourceTree = "<group>";
		};
/* End PBXVariantGroup section */

/* Begin XCBuildConfiguration section */
		E4A3C92F231A029A00A1E8C1 /* Debug */ = {
			isa = XCBuildConfiguration;
			buildSettings = {
				ALWAYS_SEARCH_USER_PATHS = NO;
				CLANG_ANALYZER_NONNULL = YES;
				CLANG_ANALYZER_NUMBER_OBJECT_CONVERSION = YES_AGGRESSIVE;
				CLANG_CXX_LANGUAGE_STANDARD = "gnu++14";
				CLANG_CXX_LIBRARY = "libc++";
				CLANG_ENABLE_MODULES = YES;
				CLANG_ENABLE_OBJC_ARC = YES;
				CLANG_ENABLE_OBJC_WEAK = YES;
				CLANG_WARN_BLOCK_CAPTURE_AUTORELEASING = YES;
				CLANG_WARN_BOOL_CONVERSION = YES;
				CLANG_WARN_COMMA = YES;
				CLANG_WARN_CONSTANT_CONVERSION = YES;
				CLANG_WARN_DEPRECATED_OBJC_IMPLEMENTATIONS = YES;
				CLANG_WARN_DIRECT_OBJC_ISA_USAGE = YES_ERROR;
				CLANG_WARN_DOCUMENTATION_COMMENTS = YES;
				CLANG_WARN_EMPTY_BODY = YES;
				CLANG_WARN_ENUM_CONVERSION = YES;
				CLANG_WARN_INFINITE_RECURSION = YES;
				CLANG_WARN_INT_CONVERSION = YES;
				CLANG_WARN_NON_LITERAL_NULL_CONVERSION = YES;
				CLANG_WARN_OBJC_IMPLICIT_RETAIN_SELF = YES;
				CLANG_WARN_OBJC_LITERAL_CONVERSION = YES;
				CLANG_WARN_OBJC_ROOT_CLASS = YES_ERROR;
				CLANG_WARN_RANGE_LOOP_ANALYSIS = YES;
				CLANG_WARN_STRICT_PROTOTYPES = YES;
				CLANG_WARN_SUSPICIOUS_MOVE = YES;
				CLANG_WARN_UNGUARDED_AVAILABILITY = YES_AGGRESSIVE;
				CLANG_WARN_UNREACHABLE_CODE = YES;
				CLANG_WARN__DUPLICATE_METHOD_MATCH = YES;
				CODE_SIGN_IDENTITY = "iPhone Developer";
				COPY_PHASE_STRIP = NO;
				DEBUG_INFORMATION_FORMAT = dwarf;
				ENABLE_STRICT_OBJC_MSGSEND = YES;
				ENABLE_TESTABILITY = YES;
				GCC_C_LANGUAGE_STANDARD = gnu11;
				GCC_DYNAMIC_NO_PIC = NO;
				GCC_NO_COMMON_BLOCKS = YES;
				GCC_OPTIMIZATION_LEVEL = 0;
				GCC_PREPROCESSOR_DEFINITIONS = (
					"DEBUG=1",
					"$(inherited)",
				);
				GCC_WARN_64_TO_32_BIT_CONVERSION = YES;
				GCC_WARN_ABOUT_RETURN_TYPE = YES_ERROR;
				GCC_WARN_UNDECLARED_SELECTOR = YES;
				GCC_WARN_UNINITIALIZED_AUTOS = YES_AGGRESSIVE;
				GCC_WARN_UNUSED_FUNCTION = YES;
				GCC_WARN_UNUSED_VARIABLE = YES;
				IPHONEOS_DEPLOYMENT_TARGET = 12.2;
				MTL_ENABLE_DEBUG_INFO = INCLUDE_SOURCE;
				MTL_FAST_MATH = YES;
				ONLY_ACTIVE_ARCH = YES;
				SDKROOT = iphoneos;
				SWIFT_ACTIVE_COMPILATION_CONDITIONS = DEBUG;
				SWIFT_OPTIMIZATION_LEVEL = "-Onone";
			};
			name = Debug;
		};
		E4A3C930231A029A00A1E8C1 /* Release */ = {
			isa = XCBuildConfiguration;
			buildSettings = {
				ALWAYS_SEARCH_USER_PATHS = NO;
				CLANG_ANALYZER_NONNULL = YES;
				CLANG_ANALYZER_NUMBER_OBJECT_CONVERSION = YES_AGGRESSIVE;
				CLANG_CXX_LANGUAGE_STANDARD = "gnu++14";
				CLANG_CXX_LIBRARY = "libc++";
				CLANG_ENABLE_MODULES = YES;
				CLANG_ENABLE_OBJC_ARC = YES;
				CLANG_ENABLE_OBJC_WEAK = YES;
				CLANG_WARN_BLOCK_CAPTURE_AUTORELEASING = YES;
				CLANG_WARN_BOOL_CONVERSION = YES;
				CLANG_WARN_COMMA = YES;
				CLANG_WARN_CONSTANT_CONVERSION = YES;
				CLANG_WARN_DEPRECATED_OBJC_IMPLEMENTATIONS = YES;
				CLANG_WARN_DIRECT_OBJC_ISA_USAGE = YES_ERROR;
				CLANG_WARN_DOCUMENTATION_COMMENTS = YES;
				CLANG_WARN_EMPTY_BODY = YES;
				CLANG_WARN_ENUM_CONVERSION = YES;
				CLANG_WARN_INFINITE_RECURSION = YES;
				CLANG_WARN_INT_CONVERSION = YES;
				CLANG_WARN_NON_LITERAL_NULL_CONVERSION = YES;
				CLANG_WARN_OBJC_IMPLICIT_RETAIN_SELF = YES;
				CLANG_WARN_OBJC_LITERAL_CONVERSION = YES;
				CLANG_WARN_OBJC_ROOT_CLASS = YES_ERROR;
				CLANG_WARN_RANGE_LOOP_ANALYSIS = YES;
				CLANG_WARN_STRICT_PROTOTYPES = YES;
				CLANG_WARN_SUSPICIOUS_MOVE = YES;
				CLANG_WARN_UNGUARDED_AVAILABILITY = YES_AGGRESSIVE;
				CLANG_WARN_UNREACHABLE_CODE = YES;
				CLANG_WARN__DUPLICATE_METHOD_MATCH = YES;
				CODE_SIGN_IDENTITY = "iPhone Developer";
				COPY_PHASE_STRIP = NO;
				DEBUG_INFORMATION_FORMAT = "dwarf-with-dsym";
				ENABLE_NS_ASSERTIONS = NO;
				ENABLE_STRICT_OBJC_MSGSEND = YES;
				GCC_C_LANGUAGE_STANDARD = gnu11;
				GCC_NO_COMMON_BLOCKS = YES;
				GCC_WARN_64_TO_32_BIT_CONVERSION = YES;
				GCC_WARN_ABOUT_RETURN_TYPE = YES_ERROR;
				GCC_WARN_UNDECLARED_SELECTOR = YES;
				GCC_WARN_UNINITIALIZED_AUTOS = YES_AGGRESSIVE;
				GCC_WARN_UNUSED_FUNCTION = YES;
				GCC_WARN_UNUSED_VARIABLE = YES;
				IPHONEOS_DEPLOYMENT_TARGET = 12.2;
				MTL_ENABLE_DEBUG_INFO = NO;
				MTL_FAST_MATH = YES;
				SDKROOT = iphoneos;
				SWIFT_COMPILATION_MODE = wholemodule;
				SWIFT_OPTIMIZATION_LEVEL = "-O";
				VALIDATE_PRODUCT = YES;
			};
			name = Release;
		};
		E4A3C932231A029A00A1E8C1 /* Debug */ = {
			isa = XCBuildConfiguration;
			baseConfigurationReference = E5474FF9E70F271CE6945FB6 /* Pods-RxTest.debug.xcconfig */;
			buildSettings = {
				ASSETCATALOG_COMPILER_APPICON_NAME = AppIcon;
				CODE_SIGN_STYLE = Automatic;
				DEVELOPMENT_TEAM = A5N58WKMLX;
				INFOPLIST_FILE = RxTest/Info.plist;
				LD_RUNPATH_SEARCH_PATHS = (
					"$(inherited)",
					"@executable_path/Frameworks",
				);
				PRODUCT_BUNDLE_IDENTIFIER = com.dowel.RxTest;
				PRODUCT_NAME = "$(TARGET_NAME)";
				SWIFT_VERSION = 5.0;
				TARGETED_DEVICE_FAMILY = 1;
			};
			name = Debug;
		};
		E4A3C933231A029A00A1E8C1 /* Release */ = {
			isa = XCBuildConfiguration;
			baseConfigurationReference = CEEB60A4D0A83EAD7F4CB08E /* Pods-RxTest.release.xcconfig */;
			buildSettings = {
				ASSETCATALOG_COMPILER_APPICON_NAME = AppIcon;
				CODE_SIGN_STYLE = Automatic;
				DEVELOPMENT_TEAM = A5N58WKMLX;
				INFOPLIST_FILE = RxTest/Info.plist;
				LD_RUNPATH_SEARCH_PATHS = (
					"$(inherited)",
					"@executable_path/Frameworks",
				);
				PRODUCT_BUNDLE_IDENTIFIER = com.dowel.RxTest;
				PRODUCT_NAME = "$(TARGET_NAME)";
				SWIFT_VERSION = 5.0;
				TARGETED_DEVICE_FAMILY = 1;
			};
			name = Release;
		};
		E4A3C935231A029A00A1E8C1 /* Debug */ = {
			isa = XCBuildConfiguration;
			baseConfigurationReference = B476864A2B7855874885D2A4 /* Pods-RxTestTests.debug.xcconfig */;
			buildSettings = {
				ALWAYS_EMBED_SWIFT_STANDARD_LIBRARIES = YES;
				BUNDLE_LOADER = "$(TEST_HOST)";
				CODE_SIGN_STYLE = Automatic;
				DEVELOPMENT_TEAM = A5N58WKMLX;
				INFOPLIST_FILE = RxTestTests/Info.plist;
				LD_RUNPATH_SEARCH_PATHS = (
					"$(inherited)",
					"@executable_path/Frameworks",
					"@loader_path/Frameworks",
				);
				PRODUCT_BUNDLE_IDENTIFIER = com.dowel.RxTestTests;
				PRODUCT_NAME = "$(TARGET_NAME)";
				SWIFT_VERSION = 5.0;
				TARGETED_DEVICE_FAMILY = "1,2";
				TEST_HOST = "$(BUILT_PRODUCTS_DIR)/RxTest.app/RxTest";
			};
			name = Debug;
		};
		E4A3C936231A029A00A1E8C1 /* Release */ = {
			isa = XCBuildConfiguration;
			baseConfigurationReference = 0E829EEEF2719A586EF55C95 /* Pods-RxTestTests.release.xcconfig */;
			buildSettings = {
				ALWAYS_EMBED_SWIFT_STANDARD_LIBRARIES = YES;
				BUNDLE_LOADER = "$(TEST_HOST)";
				CODE_SIGN_STYLE = Automatic;
				DEVELOPMENT_TEAM = A5N58WKMLX;
				INFOPLIST_FILE = RxTestTests/Info.plist;
				LD_RUNPATH_SEARCH_PATHS = (
					"$(inherited)",
					"@executable_path/Frameworks",
					"@loader_path/Frameworks",
				);
				PRODUCT_BUNDLE_IDENTIFIER = com.dowel.RxTestTests;
				PRODUCT_NAME = "$(TARGET_NAME)";
				SWIFT_VERSION = 5.0;
				TARGETED_DEVICE_FAMILY = "1,2";
				TEST_HOST = "$(BUILT_PRODUCTS_DIR)/RxTest.app/RxTest";
			};
			name = Release;
		};
		E4A3C938231A029A00A1E8C1 /* Debug */ = {
			isa = XCBuildConfiguration;
			baseConfigurationReference = 9E0BF9CA5E36436242C10C23 /* Pods-RxTestUITests.debug.xcconfig */;
			buildSettings = {
				ALWAYS_EMBED_SWIFT_STANDARD_LIBRARIES = YES;
				CODE_SIGN_STYLE = Automatic;
				DEVELOPMENT_TEAM = A5N58WKMLX;
				INFOPLIST_FILE = RxTestUITests/Info.plist;
				LD_RUNPATH_SEARCH_PATHS = (
					"$(inherited)",
					"@executable_path/Frameworks",
					"@loader_path/Frameworks",
				);
				PRODUCT_BUNDLE_IDENTIFIER = com.dowel.RxTestUITests;
				PRODUCT_NAME = "$(TARGET_NAME)";
				SWIFT_VERSION = 5.0;
				TARGETED_DEVICE_FAMILY = "1,2";
				TEST_TARGET_NAME = RxTest;
			};
			name = Debug;
		};
		E4A3C939231A029A00A1E8C1 /* Release */ = {
			isa = XCBuildConfiguration;
			baseConfigurationReference = CE0AE10B42158E68393F9038 /* Pods-RxTestUITests.release.xcconfig */;
			buildSettings = {
				ALWAYS_EMBED_SWIFT_STANDARD_LIBRARIES = YES;
				CODE_SIGN_STYLE = Automatic;
				DEVELOPMENT_TEAM = A5N58WKMLX;
				INFOPLIST_FILE = RxTestUITests/Info.plist;
				LD_RUNPATH_SEARCH_PATHS = (
					"$(inherited)",
					"@executable_path/Frameworks",
					"@loader_path/Frameworks",
				);
				PRODUCT_BUNDLE_IDENTIFIER = com.dowel.RxTestUITests;
				PRODUCT_NAME = "$(TARGET_NAME)";
				SWIFT_VERSION = 5.0;
				TARGETED_DEVICE_FAMILY = "1,2";
				TEST_TARGET_NAME = RxTest;
			};
			name = Release;
		};
/* End XCBuildConfiguration section */

/* Begin XCConfigurationList section */
		E4A3C904231A029700A1E8C1 /* Build configuration list for PBXProject "RxTest" */ = {
			isa = XCConfigurationList;
			buildConfigurations = (
				E4A3C92F231A029A00A1E8C1 /* Debug */,
				E4A3C930231A029A00A1E8C1 /* Release */,
			);
			defaultConfigurationIsVisible = 0;
			defaultConfigurationName = Release;
		};
		E4A3C931231A029A00A1E8C1 /* Build configuration list for PBXNativeTarget "RxTest" */ = {
			isa = XCConfigurationList;
			buildConfigurations = (
				E4A3C932231A029A00A1E8C1 /* Debug */,
				E4A3C933231A029A00A1E8C1 /* Release */,
			);
			defaultConfigurationIsVisible = 0;
			defaultConfigurationName = Release;
		};
		E4A3C934231A029A00A1E8C1 /* Build configuration list for PBXNativeTarget "RxTestTests" */ = {
			isa = XCConfigurationList;
			buildConfigurations = (
				E4A3C935231A029A00A1E8C1 /* Debug */,
				E4A3C936231A029A00A1E8C1 /* Release */,
			);
			defaultConfigurationIsVisible = 0;
			defaultConfigurationName = Release;
		};
		E4A3C937231A029A00A1E8C1 /* Build configuration list for PBXNativeTarget "RxTestUITests" */ = {
			isa = XCConfigurationList;
			buildConfigurations = (
				E4A3C938231A029A00A1E8C1 /* Debug */,
				E4A3C939231A029A00A1E8C1 /* Release */,
			);
			defaultConfigurationIsVisible = 0;
			defaultConfigurationName = Release;
		};
/* End XCConfigurationList section */
	};
	rootObject = E4A3C901231A029700A1E8C1 /* Project object */;
}
